
Microsoft Visual Studio Solution File, Format Version 12.00
Project("{FAE04EC0-301F-11D3-BF4B-00C04F79EFBC}") = "BookDepositoryApi", "BookDepositoryApi\BookDepositoryApi.csproj", "{1E88EE11-8099-46B8-B670-DF9243183CA7}"
EndProject
Global
	GlobalSection(SolutionConfigurationPlatforms) = preSolution
		Debug|Any CPU = Debug|Any CPU
		Release|Any CPU = Release|Any CPU
	EndGlobalSection
	GlobalSection(ProjectConfigurationPlatforms) = postSolution
		{1E88EE11-8099-46B8-B670-DF9243183CA7}.Debug|Any CPU.ActiveCfg = Debug|Any CPU
		{1E88EE11-8099-46B8-B670-DF9243183CA7}.Debug|Any CPU.Build.0 = Debug|Any CPU
		{1E88EE11-8099-46B8-B670-DF9243183CA7}.Release|Any CPU.ActiveCfg = Release|Any CPU
		{1E88EE11-8099-46B8-B670-DF9243183CA7}.Release|Any CPU.Build.0 = Release|Any CPU
	EndGlobalSection
EndGlobal
